
Microsoft Visual Studio Solution File, Format Version 12.00
# Visual Studio Version 16
VisualStudioVersion = 16.0.33529.622
MinimumVisualStudioVersion = 10.0.40219.1
Project("{9092AA53-FB77-4645-B42D-1CCCA6BD08BD}") = "NodejsConsoleDel2", "NodejsConsoleDel2.njsproj", "{EEAB81B9-5AE4-460A-9F0B-6808A7B72D9B}"
EndProject
Global
	GlobalSection(SolutionConfigurationPlatforms) = preSolution
		Debug|Any CPU = Debug|Any CPU
		Release|Any CPU = Release|Any CPU
	EndGlobalSection
	GlobalSection(ProjectConfigurationPlatforms) = postSolution
		{EEAB81B9-5AE4-460A-9F0B-6808A7B72D9B}.Debug|Any CPU.ActiveCfg = Debug|Any CPU
		{EEAB81B9-5AE4-460A-9F0B-6808A7B72D9B}.Debug|Any CPU.Build.0 = Debug|Any CPU
		{EEAB81B9-5AE4-460A-9F0B-6808A7B72D9B}.Release|Any CPU.ActiveCfg = Release|Any CPU
		{EEAB81B9-5AE4-460A-9F0B-6808A7B72D9B}.Release|Any CPU.Build.0 = Release|Any CPU
	EndGlobalSection
	GlobalSection(SolutionProperties) = preSolution
		HideSolutionNode = FALSE
	EndGlobalSection
	GlobalSection(ExtensibilityGlobals) = postSolution
		SolutionGuid = {DC377FDE-3B6F-47C4-B8A3-9D230575ED15}
	EndGlobalSection
EndGlobal
